
Microsoft Visual Studio Solution File, Format Version 12.00
# Visual Studio Version 17
VisualStudioVersion = 17.6.33829.357
MinimumVisualStudioVersion = 10.0.40219.1
Project("{FAE04EC0-301F-11D3-BF4B-00C04F79EFBC}") = "jh netcore app", "jh netcore app.csproj", "{FD2A5ECB-3AB8-4BB4-B671-3CF2828AA393}"
EndProject
Global
	GlobalSection(SolutionConfigurationPlatforms) = preSolution
		Debug|Any CPU = Debug|Any CPU
		Release|Any CPU = Release|Any CPU
	EndGlobalSection
	GlobalSection(ProjectConfigurationPlatforms) = postSolution
		{FD2A5ECB-3AB8-4BB4-B671-3CF2828AA393}.Debug|Any CPU.ActiveCfg = Debug|Any CPU
		{FD2A5ECB-3AB8-4BB4-B671-3CF2828AA393}.Debug|Any CPU.Build.0 = Debug|Any CPU
		{FD2A5ECB-3AB8-4BB4-B671-3CF2828AA393}.Release|Any CPU.ActiveCfg = Release|Any CPU
		{FD2A5ECB-3AB8-4BB4-B671-3CF2828AA393}.Release|Any CPU.Build.0 = Release|Any CPU
	EndGlobalSection
	GlobalSection(SolutionProperties) = preSolution
		HideSolutionNode = FALSE
	EndGlobalSection
	GlobalSection(ExtensibilityGlobals) = postSolution
		SolutionGuid = {55C60241-63EC-4BC2-9DFD-CC439C9E184C}
	EndGlobalSection
EndGlobal
